// !$*UTF8*$!
{
	archiveVersion = 1;
	classes = {
	};
	objectVersion = 46;
	objects = {

/* Begin PBXBuildFile section */
		28EFA6D8766D3264C545E11F /* libPods.a in Frameworks */ = {isa = PBXBuildFile; fileRef = 9CE26D416DADE10D6CA5D6D9 /* libPods.a */; };
		679CE2A51A86938100528D13 /* TweetsViewController.m in Sources */ = {isa = PBXBuildFile; fileRef = 679CE2A31A86938100528D13 /* TweetsViewController.m */; };
		679CE2A61A86938100528D13 /* TweetsViewController.xib in Resources */ = {isa = PBXBuildFile; fileRef = 679CE2A41A86938100528D13 /* TweetsViewController.xib */; };
		679CE2AC1A86C30F00528D13 /* sakura.png in Resources */ = {isa = PBXBuildFile; fileRef = 679CE2AB1A86C30F00528D13 /* sakura.png */; };
		679CE2B11A86C84500528D13 /* TweetCell.m in Sources */ = {isa = PBXBuildFile; fileRef = 679CE2AF1A86C84500528D13 /* TweetCell.m */; };
		679CE2B21A86C84500528D13 /* TweetCell.xib in Resources */ = {isa = PBXBuildFile; fileRef = 679CE2B01A86C84500528D13 /* TweetCell.xib */; };
		67AE216A1A86DB4200BED5AF /* ComposeViewController.m in Sources */ = {isa = PBXBuildFile; fileRef = 67AE21681A86DB4200BED5AF /* ComposeViewController.m */; };
		67AE216B1A86DB4200BED5AF /* ComposeViewController.xib in Resources */ = {isa = PBXBuildFile; fileRef = 67AE21691A86DB4200BED5AF /* ComposeViewController.xib */; };
		67AE216F1A86F47500BED5AF /* TweetDetailViewController.m in Sources */ = {isa = PBXBuildFile; fileRef = 67AE216D1A86F47500BED5AF /* TweetDetailViewController.m */; };
		67AE21701A86F47500BED5AF /* TweetDetailViewController.xib in Resources */ = {isa = PBXBuildFile; fileRef = 67AE216E1A86F47500BED5AF /* TweetDetailViewController.xib */; };
		67AE21741A87237900BED5AF /* retweet.png in Resources */ = {isa = PBXBuildFile; fileRef = 67AE21711A87237900BED5AF /* retweet.png */; };
		67AE21751A87237900BED5AF /* reply.png in Resources */ = {isa = PBXBuildFile; fileRef = 67AE21721A87237900BED5AF /* reply.png */; };
		67AE21761A87237900BED5AF /* favorite.png in Resources */ = {isa = PBXBuildFile; fileRef = 67AE21731A87237900BED5AF /* favorite.png */; };
		67AE21791A8727D200BED5AF /* favorite_on.png in Resources */ = {isa = PBXBuildFile; fileRef = 67AE21771A8727D200BED5AF /* favorite_on.png */; };
		67AE217A1A8727D200BED5AF /* retweet_on.png in Resources */ = {isa = PBXBuildFile; fileRef = 67AE21781A8727D200BED5AF /* retweet_on.png */; };
		67AE217E1A8734AA00BED5AF /* TweetDetailCell.m in Sources */ = {isa = PBXBuildFile; fileRef = 67AE217C1A8734AA00BED5AF /* TweetDetailCell.m */; };
		67AE217F1A8734AA00BED5AF /* TweetDetailCell.xib in Resources */ = {isa = PBXBuildFile; fileRef = 67AE217D1A8734AA00BED5AF /* TweetDetailCell.xib */; };
		67AE21831A8734D000BED5AF /* TweetCountCell.m in Sources */ = {isa = PBXBuildFile; fileRef = 67AE21811A8734D000BED5AF /* TweetCountCell.m */; };
		67AE21841A8734D000BED5AF /* TweetCountCell.xib in Resources */ = {isa = PBXBuildFile; fileRef = 67AE21821A8734D000BED5AF /* TweetCountCell.xib */; };
		67AE21881A8734E700BED5AF /* TweetActionCell.m in Sources */ = {isa = PBXBuildFile; fileRef = 67AE21861A8734E700BED5AF /* TweetActionCell.m */; };
		67AE21891A8734E700BED5AF /* TweetActionCell.xib in Resources */ = {isa = PBXBuildFile; fileRef = 67AE21871A8734E700BED5AF /* TweetActionCell.xib */; };
		67AE218F1A88100600BED5AF /* Twitter_logo_white_48.png in Resources */ = {isa = PBXBuildFile; fileRef = 67AE218E1A88100600BED5AF /* Twitter_logo_white_48.png */; };
		67BE0FBA1A8338FC00221B49 /* LoginViewController.m in Sources */ = {isa = PBXBuildFile; fileRef = 67BE0FB81A8338FC00221B49 /* LoginViewController.m */; };
		67BE0FBB1A8338FC00221B49 /* LoginViewController.xib in Resources */ = {isa = PBXBuildFile; fileRef = 67BE0FB91A8338FC00221B49 /* LoginViewController.xib */; };
		67BE0FBE1A8339BC00221B49 /* TwitterClient.m in Sources */ = {isa = PBXBuildFile; fileRef = 67BE0FBD1A8339BC00221B49 /* TwitterClient.m */; };
		67BE0FC21A8347AA00221B49 /* Tweet.m in Sources */ = {isa = PBXBuildFile; fileRef = 67BE0FC11A8347AA00221B49 /* Tweet.m */; };
		67BE0FC51A8347BD00221B49 /* User.m in Sources */ = {isa = PBXBuildFile; fileRef = 67BE0FC41A8347BD00221B49 /* User.m */; };
		67E086FD1A8C56D90073B7E8 /* BurgerViewController.m in Sources */ = {isa = PBXBuildFile; fileRef = 67E086FB1A8C56D90073B7E8 /* BurgerViewController.m */; };
		67E086FE1A8C56D90073B7E8 /* BurgerViewController.xib in Resources */ = {isa = PBXBuildFile; fileRef = 67E086FC1A8C56D90073B7E8 /* BurgerViewController.xib */; };
		67E087021A8C593A0073B7E8 /* UserProfileCell.m in Sources */ = {isa = PBXBuildFile; fileRef = 67E087001A8C593A0073B7E8 /* UserProfileCell.m */; };
		67E087031A8C593A0073B7E8 /* UserProfileCell.xib in Resources */ = {isa = PBXBuildFile; fileRef = 67E087011A8C593A0073B7E8 /* UserProfileCell.xib */; };
		67E087071A8C63B50073B7E8 /* MenuCell.m in Sources */ = {isa = PBXBuildFile; fileRef = 67E087051A8C63B50073B7E8 /* MenuCell.m */; };
		67E087081A8C63B50073B7E8 /* MenuCell.xib in Resources */ = {isa = PBXBuildFile; fileRef = 67E087061A8C63B50073B7E8 /* MenuCell.xib */; };
		67E0870A1A8C762E0073B7E8 /* home.png in Resources */ = {isa = PBXBuildFile; fileRef = 67E087091A8C762E0073B7E8 /* home.png */; };
		67E0870C1A8C764E0073B7E8 /* mention.png in Resources */ = {isa = PBXBuildFile; fileRef = 67E0870B1A8C764E0073B7E8 /* mention.png */; };
		67F307221A83373A00F5C7F1 /* main.m in Sources */ = {isa = PBXBuildFile; fileRef = 67F307211A83373A00F5C7F1 /* main.m */; };
		67F307251A83373A00F5C7F1 /* AppDelegate.m in Sources */ = {isa = PBXBuildFile; fileRef = 67F307241A83373A00F5C7F1 /* AppDelegate.m */; };
		67F3072D1A83373A00F5C7F1 /* Images.xcassets in Resources */ = {isa = PBXBuildFile; fileRef = 67F3072C1A83373A00F5C7F1 /* Images.xcassets */; };
		67F307301A83373A00F5C7F1 /* LaunchScreen.xib in Resources */ = {isa = PBXBuildFile; fileRef = 67F3072E1A83373A00F5C7F1 /* LaunchScreen.xib */; };
		67F3073C1A83373A00F5C7F1 /* TwitterTests.m in Sources */ = {isa = PBXBuildFile; fileRef = 67F3073B1A83373A00F5C7F1 /* TwitterTests.m */; };
/* End PBXBuildFile section */

/* Begin PBXContainerItemProxy section */
		67F307361A83373A00F5C7F1 /* PBXContainerItemProxy */ = {
			isa = PBXContainerItemProxy;
			containerPortal = 67F307141A83373A00F5C7F1 /* Project object */;
			proxyType = 1;
			remoteGlobalIDString = 67F3071B1A83373A00F5C7F1;
			remoteInfo = Twitter;
		};
/* End PBXContainerItemProxy section */

/* Begin PBXFileReference section */
		5A499F9E0973E6F7A6EF324D /* Pods.release.xcconfig */ = {isa = PBXFileReference; includeInIndex = 1; lastKnownFileType = text.xcconfig; name = Pods.release.xcconfig; path = "Pods/Target Support Files/Pods/Pods.release.xcconfig"; sourceTree = "<group>"; };
		679CE2A21A86938100528D13 /* TweetsViewController.h */ = {isa = PBXFileReference; fileEncoding = 4; lastKnownFileType = sourcecode.c.h; path = TweetsViewController.h; sourceTree = "<group>"; };
		679CE2A31A86938100528D13 /* TweetsViewController.m */ = {isa = PBXFileReference; fileEncoding = 4; lastKnownFileType = sourcecode.c.objc; path = TweetsViewController.m; sourceTree = "<group>"; };
		679CE2A41A86938100528D13 /* TweetsViewController.xib */ = {isa = PBXFileReference; fileEncoding = 4; lastKnownFileType = file.xib; path = TweetsViewController.xib; sourceTree = "<group>"; };
		679CE2AB1A86C30F00528D13 /* sakura.png */ = {isa = PBXFileReference; lastKnownFileType = image.png; path = sakura.png; sourceTree = "<group>"; };
		679CE2AE1A86C84500528D13 /* TweetCell.h */ = {isa = PBXFileReference; fileEncoding = 4; lastKnownFileType = sourcecode.c.h; path = TweetCell.h; sourceTree = "<group>"; };
		679CE2AF1A86C84500528D13 /* TweetCell.m */ = {isa = PBXFileReference; fileEncoding = 4; lastKnownFileType = sourcecode.c.objc; path = TweetCell.m; sourceTree = "<group>"; };
		679CE2B01A86C84500528D13 /* TweetCell.xib */ = {isa = PBXFileReference; fileEncoding = 4; lastKnownFileType = file.xib; path = TweetCell.xib; sourceTree = "<group>"; };
		67AE21671A86DB4200BED5AF /* ComposeViewController.h */ = {isa = PBXFileReference; fileEncoding = 4; lastKnownFileType = sourcecode.c.h; path = ComposeViewController.h; sourceTree = "<group>"; };
		67AE21681A86DB4200BED5AF /* ComposeViewController.m */ = {isa = PBXFileReference; fileEncoding = 4; lastKnownFileType = sourcecode.c.objc; path = ComposeViewController.m; sourceTree = "<group>"; };
		67AE21691A86DB4200BED5AF /* ComposeViewController.xib */ = {isa = PBXFileReference; fileEncoding = 4; lastKnownFileType = file.xib; path = ComposeViewController.xib; sourceTree = "<group>"; };
		67AE216C1A86F47500BED5AF /* TweetDetailViewController.h */ = {isa = PBXFileReference; fileEncoding = 4; lastKnownFileType = sourcecode.c.h; path = TweetDetailViewController.h; sourceTree = "<group>"; };
		67AE216D1A86F47500BED5AF /* TweetDetailViewController.m */ = {isa = PBXFileReference; fileEncoding = 4; lastKnownFileType = sourcecode.c.objc; path = TweetDetailViewController.m; sourceTree = "<group>"; };
		67AE216E1A86F47500BED5AF /* TweetDetailViewController.xib */ = {isa = PBXFileReference; fileEncoding = 4; lastKnownFileType = file.xib; path = TweetDetailViewController.xib; sourceTree = "<group>"; };
		67AE21711A87237900BED5AF /* retweet.png */ = {isa = PBXFileReference; lastKnownFileType = image.png; path = retweet.png; sourceTree = "<group>"; };
		67AE21721A87237900BED5AF /* reply.png */ = {isa = PBXFileReference; lastKnownFileType = image.png; path = reply.png; sourceTree = "<group>"; };
		67AE21731A87237900BED5AF /* favorite.png */ = {isa = PBXFileReference; lastKnownFileType = image.png; path = favorite.png; sourceTree = "<group>"; };
		67AE21771A8727D200BED5AF /* favorite_on.png */ = {isa = PBXFileReference; lastKnownFileType = image.png; path = favorite_on.png; sourceTree = "<group>"; };
		67AE21781A8727D200BED5AF /* retweet_on.png */ = {isa = PBXFileReference; lastKnownFileType = image.png; path = retweet_on.png; sourceTree = "<group>"; };
		67AE217B1A8734AA00BED5AF /* TweetDetailCell.h */ = {isa = PBXFileReference; fileEncoding = 4; lastKnownFileType = sourcecode.c.h; path = TweetDetailCell.h; sourceTree = "<group>"; };
		67AE217C1A8734AA00BED5AF /* TweetDetailCell.m */ = {isa = PBXFileReference; fileEncoding = 4; lastKnownFileType = sourcecode.c.objc; path = TweetDetailCell.m; sourceTree = "<group>"; };
		67AE217D1A8734AA00BED5AF /* TweetDetailCell.xib */ = {isa = PBXFileReference; fileEncoding = 4; lastKnownFileType = file.xib; path = TweetDetailCell.xib; sourceTree = "<group>"; };
		67AE21801A8734D000BED5AF /* TweetCountCell.h */ = {isa = PBXFileReference; fileEncoding = 4; lastKnownFileType = sourcecode.c.h; path = TweetCountCell.h; sourceTree = "<group>"; };
		67AE21811A8734D000BED5AF /* TweetCountCell.m */ = {isa = PBXFileReference; fileEncoding = 4; lastKnownFileType = sourcecode.c.objc; path = TweetCountCell.m; sourceTree = "<group>"; };
		67AE21821A8734D000BED5AF /* TweetCountCell.xib */ = {isa = PBXFileReference; fileEncoding = 4; lastKnownFileType = file.xib; path = TweetCountCell.xib; sourceTree = "<group>"; };
		67AE21851A8734E700BED5AF /* TweetActionCell.h */ = {isa = PBXFileReference; fileEncoding = 4; lastKnownFileType = sourcecode.c.h; path = TweetActionCell.h; sourceTree = "<group>"; };
		67AE21861A8734E700BED5AF /* TweetActionCell.m */ = {isa = PBXFileReference; fileEncoding = 4; lastKnownFileType = sourcecode.c.objc; path = TweetActionCell.m; sourceTree = "<group>"; };
		67AE21871A8734E700BED5AF /* TweetActionCell.xib */ = {isa = PBXFileReference; fileEncoding = 4; lastKnownFileType = file.xib; path = TweetActionCell.xib; sourceTree = "<group>"; };
		67AE218E1A88100600BED5AF /* Twitter_logo_white_48.png */ = {isa = PBXFileReference; lastKnownFileType = image.png; path = Twitter_logo_white_48.png; sourceTree = "<group>"; };
		67BE0FB71A8338FC00221B49 /* LoginViewController.h */ = {isa = PBXFileReference; fileEncoding = 4; lastKnownFileType = sourcecode.c.h; path = LoginViewController.h; sourceTree = "<group>"; };
		67BE0FB81A8338FC00221B49 /* LoginViewController.m */ = {isa = PBXFileReference; fileEncoding = 4; lastKnownFileType = sourcecode.c.objc; path = LoginViewController.m; sourceTree = "<group>"; };
		67BE0FB91A8338FC00221B49 /* LoginViewController.xib */ = {isa = PBXFileReference; fileEncoding = 4; lastKnownFileType = file.xib; path = LoginViewController.xib; sourceTree = "<group>"; };
		67BE0FBC1A8339BC00221B49 /* TwitterClient.h */ = {isa = PBXFileReference; fileEncoding = 4; lastKnownFileType = sourcecode.c.h; path = TwitterClient.h; sourceTree = "<group>"; };
		67BE0FBD1A8339BC00221B49 /* TwitterClient.m */ = {isa = PBXFileReference; fileEncoding = 4; lastKnownFileType = sourcecode.c.objc; path = TwitterClient.m; sourceTree = "<group>"; };
		67BE0FC01A8347AA00221B49 /* Tweet.h */ = {isa = PBXFileReference; fileEncoding = 4; lastKnownFileType = sourcecode.c.h; path = Tweet.h; sourceTree = "<group>"; };
		67BE0FC11A8347AA00221B49 /* Tweet.m */ = {isa = PBXFileReference; fileEncoding = 4; lastKnownFileType = sourcecode.c.objc; path = Tweet.m; sourceTree = "<group>"; };
		67BE0FC31A8347BD00221B49 /* User.h */ = {isa = PBXFileReference; fileEncoding = 4; lastKnownFileType = sourcecode.c.h; path = User.h; sourceTree = "<group>"; };
		67BE0FC41A8347BD00221B49 /* User.m */ = {isa = PBXFileReference; fileEncoding = 4; lastKnownFileType = sourcecode.c.objc; path = User.m; sourceTree = "<group>"; };
		67E086FA1A8C56D90073B7E8 /* BurgerViewController.h */ = {isa = PBXFileReference; fileEncoding = 4; lastKnownFileType = sourcecode.c.h; path = BurgerViewController.h; sourceTree = "<group>"; };
		67E086FB1A8C56D90073B7E8 /* BurgerViewController.m */ = {isa = PBXFileReference; fileEncoding = 4; lastKnownFileType = sourcecode.c.objc; path = BurgerViewController.m; sourceTree = "<group>"; };
		67E086FC1A8C56D90073B7E8 /* BurgerViewController.xib */ = {isa = PBXFileReference; fileEncoding = 4; lastKnownFileType = file.xib; path = BurgerViewController.xib; sourceTree = "<group>"; };
		67E086FF1A8C593A0073B7E8 /* UserProfileCell.h */ = {isa = PBXFileReference; fileEncoding = 4; lastKnownFileType = sourcecode.c.h; path = UserProfileCell.h; sourceTree = "<group>"; };
		67E087001A8C593A0073B7E8 /* UserProfileCell.m */ = {isa = PBXFileReference; fileEncoding = 4; lastKnownFileType = sourcecode.c.objc; path = UserProfileCell.m; sourceTree = "<group>"; };
		67E087011A8C593A0073B7E8 /* UserProfileCell.xib */ = {isa = PBXFileReference; fileEncoding = 4; lastKnownFileType = file.xib; path = UserProfileCell.xib; sourceTree = "<group>"; };
		67E087041A8C63B50073B7E8 /* MenuCell.h */ = {isa = PBXFileReference; fileEncoding = 4; lastKnownFileType = sourcecode.c.h; path = MenuCell.h; sourceTree = "<group>"; };
		67E087051A8C63B50073B7E8 /* MenuCell.m */ = {isa = PBXFileReference; fileEncoding = 4; lastKnownFileType = sourcecode.c.objc; path = MenuCell.m; sourceTree = "<group>"; };
		67E087061A8C63B50073B7E8 /* MenuCell.xib */ = {isa = PBXFileReference; fileEncoding = 4; lastKnownFileType = file.xib; path = MenuCell.xib; sourceTree = "<group>"; };
		67E087091A8C762E0073B7E8 /* home.png */ = {isa = PBXFileReference; lastKnownFileType = image.png; path = home.png; sourceTree = "<group>"; };
		67E0870B1A8C764E0073B7E8 /* mention.png */ = {isa = PBXFileReference; lastKnownFileType = image.png; path = mention.png; sourceTree = "<group>"; };
		67F3071C1A83373A00F5C7F1 /* Twitter.app */ = {isa = PBXFileReference; explicitFileType = wrapper.application; includeInIndex = 0; path = Twitter.app; sourceTree = BUILT_PRODUCTS_DIR; };
		67F307201A83373A00F5C7F1 /* Info.plist */ = {isa = PBXFileReference; lastKnownFileType = text.plist.xml; path = Info.plist; sourceTree = "<group>"; };
		67F307211A83373A00F5C7F1 /* main.m */ = {isa = PBXFileReference; lastKnownFileType = sourcecode.c.objc; path = main.m; sourceTree = "<group>"; };
		67F307231A83373A00F5C7F1 /* AppDelegate.h */ = {isa = PBXFileReference; lastKnownFileType = sourcecode.c.h; path = AppDelegate.h; sourceTree = "<group>"; };
		67F307241A83373A00F5C7F1 /* AppDelegate.m */ = {isa = PBXFileReference; lastKnownFileType = sourcecode.c.objc; path = AppDelegate.m; sourceTree = "<group>"; };
		67F3072C1A83373A00F5C7F1 /* Images.xcassets */ = {isa = PBXFileReference; lastKnownFileType = folder.assetcatalog; path = Images.xcassets; sourceTree = "<group>"; };
		67F3072F1A83373A00F5C7F1 /* Base */ = {isa = PBXFileReference; lastKnownFileType = file.xib; name = Base; path = Base.lproj/LaunchScreen.xib; sourceTree = "<group>"; };
		67F307351A83373A00F5C7F1 /* TwitterTests.xctest */ = {isa = PBXFileReference; explicitFileType = wrapper.cfbundle; includeInIndex = 0; path = TwitterTests.xctest; sourceTree = BUILT_PRODUCTS_DIR; };
		67F3073A1A83373A00F5C7F1 /* Info.plist */ = {isa = PBXFileReference; lastKnownFileType = text.plist.xml; path = Info.plist; sourceTree = "<group>"; };
		67F3073B1A83373A00F5C7F1 /* TwitterTests.m */ = {isa = PBXFileReference; lastKnownFileType = sourcecode.c.objc; path = TwitterTests.m; sourceTree = "<group>"; };
		9CE26D416DADE10D6CA5D6D9 /* libPods.a */ = {isa = PBXFileReference; explicitFileType = archive.ar; includeInIndex = 0; path = libPods.a; sourceTree = BUILT_PRODUCTS_DIR; };
		F8BF1D637B36831A577D4D52 /* Pods.debug.xcconfig */ = {isa = PBXFileReference; includeInIndex = 1; lastKnownFileType = text.xcconfig; name = Pods.debug.xcconfig; path = "Pods/Target Support Files/Pods/Pods.debug.xcconfig"; sourceTree = "<group>"; };
/* End PBXFileReference section */

/* Begin PBXFrameworksBuildPhase section */
		67F307191A83373A00F5C7F1 /* Frameworks */ = {
			isa = PBXFrameworksBuildPhase;
			buildActionMask = 2147483647;
			files = (
				28EFA6D8766D3264C545E11F /* libPods.a in Frameworks */,
			);
			runOnlyForDeploymentPostprocessing = 0;
		};
		67F307321A83373A00F5C7F1 /* Frameworks */ = {
			isa = PBXFrameworksBuildPhase;
			buildActionMask = 2147483647;
			files = (
			);
			runOnlyForDeploymentPostprocessing = 0;
		};
/* End PBXFrameworksBuildPhase section */

/* Begin PBXGroup section */
		168934D01C3A25A6EFEAF4B0 /* Pods */ = {
			isa = PBXGroup;
			children = (
				F8BF1D637B36831A577D4D52 /* Pods.debug.xcconfig */,
				5A499F9E0973E6F7A6EF324D /* Pods.release.xcconfig */,
			);
			name = Pods;
			sourceTree = "<group>";
		};
		679CE2A11A86935800528D13 /* ViewControllers */ = {
			isa = PBXGroup;
			children = (
				67BE0FB71A8338FC00221B49 /* LoginViewController.h */,
				67BE0FB81A8338FC00221B49 /* LoginViewController.m */,
				67BE0FB91A8338FC00221B49 /* LoginViewController.xib */,
				679CE2A21A86938100528D13 /* TweetsViewController.h */,
				679CE2A31A86938100528D13 /* TweetsViewController.m */,
				679CE2A41A86938100528D13 /* TweetsViewController.xib */,
				67AE21671A86DB4200BED5AF /* ComposeViewController.h */,
				67AE21681A86DB4200BED5AF /* ComposeViewController.m */,
				67AE21691A86DB4200BED5AF /* ComposeViewController.xib */,
				67AE216C1A86F47500BED5AF /* TweetDetailViewController.h */,
				67AE216D1A86F47500BED5AF /* TweetDetailViewController.m */,
				67AE216E1A86F47500BED5AF /* TweetDetailViewController.xib */,
				67E086FA1A8C56D90073B7E8 /* BurgerViewController.h */,
				67E086FB1A8C56D90073B7E8 /* BurgerViewController.m */,
				67E086FC1A8C56D90073B7E8 /* BurgerViewController.xib */,
			);
			name = ViewControllers;
			sourceTree = "<group>";
		};
		679CE2A71A86B14100528D13 /* API */ = {
			isa = PBXGroup;
			children = (
				67BE0FBC1A8339BC00221B49 /* TwitterClient.h */,
				67BE0FBD1A8339BC00221B49 /* TwitterClient.m */,
			);
			name = API;
			sourceTree = "<group>";
		};
		679CE2A81A86C1BF00528D13 /* Resources */ = {
			isa = PBXGroup;
			children = (
				67E0870B1A8C764E0073B7E8 /* mention.png */,
				67E087091A8C762E0073B7E8 /* home.png */,
				67AE218E1A88100600BED5AF /* Twitter_logo_white_48.png */,
				67AE21771A8727D200BED5AF /* favorite_on.png */,
				67AE21781A8727D200BED5AF /* retweet_on.png */,
				67AE21711A87237900BED5AF /* retweet.png */,
				67AE21721A87237900BED5AF /* reply.png */,
				67AE21731A87237900BED5AF /* favorite.png */,
				679CE2AB1A86C30F00528D13 /* sakura.png */,
			);
			name = Resources;
			path = ..;
			sourceTree = "<group>";
		};
		679CE2AD1A86C81700528D13 /* View */ = {
			isa = PBXGroup;
			children = (
				679CE2AE1A86C84500528D13 /* TweetCell.h */,
				679CE2AF1A86C84500528D13 /* TweetCell.m */,
				679CE2B01A86C84500528D13 /* TweetCell.xib */,
				67AE217B1A8734AA00BED5AF /* TweetDetailCell.h */,
				67AE217C1A8734AA00BED5AF /* TweetDetailCell.m */,
				67AE217D1A8734AA00BED5AF /* TweetDetailCell.xib */,
				67AE21801A8734D000BED5AF /* TweetCountCell.h */,
				67AE21811A8734D000BED5AF /* TweetCountCell.m */,
				67AE21821A8734D000BED5AF /* TweetCountCell.xib */,
				67AE21851A8734E700BED5AF /* TweetActionCell.h */,
				67AE21861A8734E700BED5AF /* TweetActionCell.m */,
				67AE21871A8734E700BED5AF /* TweetActionCell.xib */,
				67E086FF1A8C593A0073B7E8 /* UserProfileCell.h */,
				67E087001A8C593A0073B7E8 /* UserProfileCell.m */,
				67E087011A8C593A0073B7E8 /* UserProfileCell.xib */,
				67E087041A8C63B50073B7E8 /* MenuCell.h */,
				67E087051A8C63B50073B7E8 /* MenuCell.m */,
				67E087061A8C63B50073B7E8 /* MenuCell.xib */,
			);
			name = View;
			sourceTree = "<group>";
		};
		67BE0FBF1A83478D00221B49 /* Models */ = {
			isa = PBXGroup;
			children = (
				67BE0FC01A8347AA00221B49 /* Tweet.h */,
				67BE0FC11A8347AA00221B49 /* Tweet.m */,
				67BE0FC31A8347BD00221B49 /* User.h */,
				67BE0FC41A8347BD00221B49 /* User.m */,
			);
			name = Models;
			sourceTree = "<group>";
		};
		67F307131A83373A00F5C7F1 = {
			isa = PBXGroup;
			children = (
				67F3071E1A83373A00F5C7F1 /* Twitter */,
				67F307381A83373A00F5C7F1 /* TwitterTests */,
				67F3071D1A83373A00F5C7F1 /* Products */,
				168934D01C3A25A6EFEAF4B0 /* Pods */,
				C8BDE88DF82D1950C0E6F297 /* Frameworks */,
			);
			sourceTree = "<group>";
		};
		67F3071D1A83373A00F5C7F1 /* Products */ = {
			isa = PBXGroup;
			children = (
				67F3071C1A83373A00F5C7F1 /* Twitter.app */,
				67F307351A83373A00F5C7F1 /* TwitterTests.xctest */,
			);
			name = Products;
			sourceTree = "<group>";
		};
		67F3071E1A83373A00F5C7F1 /* Twitter */ = {
			isa = PBXGroup;
			children = (
				679CE2A71A86B14100528D13 /* API */,
				67BE0FBF1A83478D00221B49 /* Models */,
				679CE2AD1A86C81700528D13 /* View */,
				679CE2A11A86935800528D13 /* ViewControllers */,
				679CE2A81A86C1BF00528D13 /* Resources */,
				67F307231A83373A00F5C7F1 /* AppDelegate.h */,
				67F307241A83373A00F5C7F1 /* AppDelegate.m */,
				67F3072C1A83373A00F5C7F1 /* Images.xcassets */,
				67F3072E1A83373A00F5C7F1 /* LaunchScreen.xib */,
				67F3071F1A83373A00F5C7F1 /* Supporting Files */,
			);
			path = Twitter;
			sourceTree = "<group>";
		};
		67F3071F1A83373A00F5C7F1 /* Supporting Files */ = {
			isa = PBXGroup;
			children = (
				67F307201A83373A00F5C7F1 /* Info.plist */,
				67F307211A83373A00F5C7F1 /* main.m */,
			);
			name = "Supporting Files";
			sourceTree = "<group>";
		};
		67F307381A83373A00F5C7F1 /* TwitterTests */ = {
			isa = PBXGroup;
			children = (
				67F3073B1A83373A00F5C7F1 /* TwitterTests.m */,
				67F307391A83373A00F5C7F1 /* Supporting Files */,
			);
			path = TwitterTests;
			sourceTree = "<group>";
		};
		67F307391A83373A00F5C7F1 /* Supporting Files */ = {
			isa = PBXGroup;
			children = (
				67F3073A1A83373A00F5C7F1 /* Info.plist */,
			);
			name = "Supporting Files";
			sourceTree = "<group>";
		};
		C8BDE88DF82D1950C0E6F297 /* Frameworks */ = {
			isa = PBXGroup;
			children = (
				9CE26D416DADE10D6CA5D6D9 /* libPods.a */,
			);
			name = Frameworks;
			sourceTree = "<group>";
		};
/* End PBXGroup section */

/* Begin PBXNativeTarget section */
		67F3071B1A83373A00F5C7F1 /* Twitter */ = {
			isa = PBXNativeTarget;
			buildConfigurationList = 67F3073F1A83373A00F5C7F1 /* Build configuration list for PBXNativeTarget "Twitter" */;
			buildPhases = (
				8251E9F123043CF3FAFC75B1 /* Check Pods Manifest.lock */,
				67F307181A83373A00F5C7F1 /* Sources */,
				67F307191A83373A00F5C7F1 /* Frameworks */,
				67F3071A1A83373A00F5C7F1 /* Resources */,
				963A048182A4E4F8073C7343 /* Copy Pods Resources */,
			);
			buildRules = (
			);
			dependencies = (
			);
			name = Twitter;
			productName = Twitter;
			productReference = 67F3071C1A83373A00F5C7F1 /* Twitter.app */;
			productType = "com.apple.product-type.application";
		};
		67F307341A83373A00F5C7F1 /* TwitterTests */ = {
			isa = PBXNativeTarget;
			buildConfigurationList = 67F307421A83373A00F5C7F1 /* Build configuration list for PBXNativeTarget "TwitterTests" */;
			buildPhases = (
				67F307311A83373A00F5C7F1 /* Sources */,
				67F307321A83373A00F5C7F1 /* Frameworks */,
				67F307331A83373A00F5C7F1 /* Resources */,
			);
			buildRules = (
			);
			dependencies = (
				67F307371A83373A00F5C7F1 /* PBXTargetDependency */,
			);
			name = TwitterTests;
			productName = TwitterTests;
			productReference = 67F307351A83373A00F5C7F1 /* TwitterTests.xctest */;
			productType = "com.apple.product-type.bundle.unit-test";
		};
/* End PBXNativeTarget section */

/* Begin PBXProject section */
		67F307141A83373A00F5C7F1 /* Project object */ = {
			isa = PBXProject;
			attributes = {
				LastUpgradeCheck = 0610;
				ORGANIZATIONNAME = "Yahoo!, inc.";
				TargetAttributes = {
					67F3071B1A83373A00F5C7F1 = {
						CreatedOnToolsVersion = 6.1.1;
					};
					67F307341A83373A00F5C7F1 = {
						CreatedOnToolsVersion = 6.1.1;
						TestTargetID = 67F3071B1A83373A00F5C7F1;
					};
				};
			};
			buildConfigurationList = 67F307171A83373A00F5C7F1 /* Build configuration list for PBXProject "Twitter" */;
			compatibilityVersion = "Xcode 3.2";
			developmentRegion = English;
			hasScannedForEncodings = 0;
			knownRegions = (
				en,
				Base,
			);
			mainGroup = 67F307131A83373A00F5C7F1;
			productRefGroup = 67F3071D1A83373A00F5C7F1 /* Products */;
			projectDirPath = "";
			projectRoot = "";
			targets = (
				67F3071B1A83373A00F5C7F1 /* Twitter */,
				67F307341A83373A00F5C7F1 /* TwitterTests */,
			);
		};
/* End PBXProject section */

/* Begin PBXResourcesBuildPhase section */
		67F3071A1A83373A00F5C7F1 /* Resources */ = {
			isa = PBXResourcesBuildPhase;
			buildActionMask = 2147483647;
			files = (
				679CE2AC1A86C30F00528D13 /* sakura.png in Resources */,
				67AE21741A87237900BED5AF /* retweet.png in Resources */,
				67E0870C1A8C764E0073B7E8 /* mention.png in Resources */,
				67E0870A1A8C762E0073B7E8 /* home.png in Resources */,
				67E087081A8C63B50073B7E8 /* MenuCell.xib in Resources */,
				67AE217F1A8734AA00BED5AF /* TweetDetailCell.xib in Resources */,
				67E086FE1A8C56D90073B7E8 /* BurgerViewController.xib in Resources */,
				67AE218F1A88100600BED5AF /* Twitter_logo_white_48.png in Resources */,
				67AE21841A8734D000BED5AF /* TweetCountCell.xib in Resources */,
				67AE217A1A8727D200BED5AF /* retweet_on.png in Resources */,
				67AE21701A86F47500BED5AF /* TweetDetailViewController.xib in Resources */,
				67E087031A8C593A0073B7E8 /* UserProfileCell.xib in Resources */,
				679CE2A61A86938100528D13 /* TweetsViewController.xib in Resources */,
				67F307301A83373A00F5C7F1 /* LaunchScreen.xib in Resources */,
				67AE21761A87237900BED5AF /* favorite.png in Resources */,
				67F3072D1A83373A00F5C7F1 /* Images.xcassets in Resources */,
				67AE21751A87237900BED5AF /* reply.png in Resources */,
				67AE21891A8734E700BED5AF /* TweetActionCell.xib in Resources */,
				67AE216B1A86DB4200BED5AF /* ComposeViewController.xib in Resources */,
				67BE0FBB1A8338FC00221B49 /* LoginViewController.xib in Resources */,
				67AE21791A8727D200BED5AF /* favorite_on.png in Resources */,
				679CE2B21A86C84500528D13 /* TweetCell.xib in Resources */,
			);
			runOnlyForDeploymentPostprocessing = 0;
		};
		67F307331A83373A00F5C7F1 /* Resources */ = {
			isa = PBXResourcesBuildPhase;
			buildActionMask = 2147483647;
			files = (
			);
			runOnlyForDeploymentPostprocessing = 0;
		};
/* End PBXResourcesBuildPhase section */

/* Begin PBXShellScriptBuildPhase section */
		8251E9F123043CF3FAFC75B1 /* Check Pods Manifest.lock */ = {
			isa = PBXShellScriptBuildPhase;
			buildActionMask = 2147483647;
			files = (
			);
			inputPaths = (
			);
			name = "Check Pods Manifest.lock";
			outputPaths = (
			);
			runOnlyForDeploymentPostprocessing = 0;
			shellPath = /bin/sh;
			shellScript = "diff \"${PODS_ROOT}/../Podfile.lock\" \"${PODS_ROOT}/Manifest.lock\" > /dev/null\nif [[ $? != 0 ]] ; then\n    cat << EOM\nerror: The sandbox is not in sync with the Podfile.lock. Run 'pod install' or update your CocoaPods installation.\nEOM\n    exit 1\nfi\n";
			showEnvVarsInLog = 0;
		};
		963A048182A4E4F8073C7343 /* Copy Pods Resources */ = {
			isa = PBXShellScriptBuildPhase;
			buildActionMask = 2147483647;
			files = (
			);
			inputPaths = (
			);
			name = "Copy Pods Resources";
			outputPaths = (
			);
			runOnlyForDeploymentPostprocessing = 0;
			shellPath = /bin/sh;
			shellScript = "\"${SRCROOT}/Pods/Target Support Files/Pods/Pods-resources.sh\"\n";
			showEnvVarsInLog = 0;
		};
/* End PBXShellScriptBuildPhase section */

/* Begin PBXSourcesBuildPhase section */
		67F307181A83373A00F5C7F1 /* Sources */ = {
			isa = PBXSourcesBuildPhase;
			buildActionMask = 2147483647;
			files = (
				67BE0FBE1A8339BC00221B49 /* TwitterClient.m in Sources */,
				67F307251A83373A00F5C7F1 /* AppDelegate.m in Sources */,
				67BE0FC51A8347BD00221B49 /* User.m in Sources */,
				67AE216A1A86DB4200BED5AF /* ComposeViewController.m in Sources */,
				67AE217E1A8734AA00BED5AF /* TweetDetailCell.m in Sources */,
				67E087021A8C593A0073B7E8 /* UserProfileCell.m in Sources */,
				67E086FD1A8C56D90073B7E8 /* BurgerViewController.m in Sources */,
				67AE21881A8734E700BED5AF /* TweetActionCell.m in Sources */,
				67AE21831A8734D000BED5AF /* TweetCountCell.m in Sources */,
				67BE0FC21A8347AA00221B49 /* Tweet.m in Sources */,
				67E087071A8C63B50073B7E8 /* MenuCell.m in Sources */,
				67F307221A83373A00F5C7F1 /* main.m in Sources */,
				67BE0FBA1A8338FC00221B49 /* LoginViewController.m in Sources */,
				679CE2A51A86938100528D13 /* TweetsViewController.m in Sources */,
				679CE2B11A86C84500528D13 /* TweetCell.m in Sources */,
				67AE216F1A86F47500BED5AF /* TweetDetailViewController.m in Sources */,
			);
			runOnlyForDeploymentPostprocessing = 0;
		};
		67F307311A83373A00F5C7F1 /* Sources */ = {
			isa = PBXSourcesBuildPhase;
			buildActionMask = 2147483647;
			files = (
				67F3073C1A83373A00F5C7F1 /* TwitterTests.m in Sources */,
			);
			runOnlyForDeploymentPostprocessing = 0;
		};
/* End PBXSourcesBuildPhase section */

/* Begin PBXTargetDependency section */
		67F307371A83373A00F5C7F1 /* PBXTargetDependency */ = {
			isa = PBXTargetDependency;
			target = 67F3071B1A83373A00F5C7F1 /* Twitter */;
			targetProxy = 67F307361A83373A00F5C7F1 /* PBXContainerItemProxy */;
		};
/* End PBXTargetDependency section */

/* Begin PBXVariantGroup section */
		67F3072E1A83373A00F5C7F1 /* LaunchScreen.xib */ = {
			isa = PBXVariantGroup;
			children = (
				67F3072F1A83373A00F5C7F1 /* Base */,
			);
			name = LaunchScreen.xib;
			sourceTree = "<group>";
		};
/* End PBXVariantGroup section */

/* Begin XCBuildConfiguration section */
		67F3073D1A83373A00F5C7F1 /* Debug */ = {
			isa = XCBuildConfiguration;
			buildSettings = {
				ALWAYS_SEARCH_USER_PATHS = NO;
				CLANG_CXX_LANGUAGE_STANDARD = "gnu++0x";
				CLANG_CXX_LIBRARY = "libc++";
				CLANG_ENABLE_MODULES = YES;
				CLANG_ENABLE_OBJC_ARC = YES;
				CLANG_WARN_BOOL_CONVERSION = YES;
				CLANG_WARN_CONSTANT_CONVERSION = YES;
				CLANG_WARN_DIRECT_OBJC_ISA_USAGE = YES_ERROR;
				CLANG_WARN_EMPTY_BODY = YES;
				CLANG_WARN_ENUM_CONVERSION = YES;
				CLANG_WARN_INT_CONVERSION = YES;
				CLANG_WARN_OBJC_ROOT_CLASS = YES_ERROR;
				CLANG_WARN_UNREACHABLE_CODE = YES;
				CLANG_WARN__DUPLICATE_METHOD_MATCH = YES;
				"CODE_SIGN_IDENTITY[sdk=iphoneos*]" = "iPhone Developer";
				COPY_PHASE_STRIP = NO;
				ENABLE_STRICT_OBJC_MSGSEND = YES;
				GCC_C_LANGUAGE_STANDARD = gnu99;
				GCC_DYNAMIC_NO_PIC = NO;
				GCC_OPTIMIZATION_LEVEL = 0;
				GCC_PREPROCESSOR_DEFINITIONS = (
					"DEBUG=1",
					"$(inherited)",
				);
				GCC_SYMBOLS_PRIVATE_EXTERN = NO;
				GCC_WARN_64_TO_32_BIT_CONVERSION = YES;
				GCC_WARN_ABOUT_RETURN_TYPE = YES_ERROR;
				GCC_WARN_UNDECLARED_SELECTOR = YES;
				GCC_WARN_UNINITIALIZED_AUTOS = YES_AGGRESSIVE;
				GCC_WARN_UNUSED_FUNCTION = YES;
				GCC_WARN_UNUSED_VARIABLE = YES;
				IPHONEOS_DEPLOYMENT_TARGET = 8.1;
				MTL_ENABLE_DEBUG_INFO = YES;
				ONLY_ACTIVE_ARCH = YES;
				SDKROOT = iphoneos;
			};
			name = Debug;
		};
		67F3073E1A83373A00F5C7F1 /* Release */ = {
			isa = XCBuildConfiguration;
			buildSettings = {
				ALWAYS_SEARCH_USER_PATHS = NO;
				CLANG_CXX_LANGUAGE_STANDARD = "gnu++0x";
				CLANG_CXX_LIBRARY = "libc++";
				CLANG_ENABLE_MODULES = YES;
				CLANG_ENABLE_OBJC_ARC = YES;
				CLANG_WARN_BOOL_CONVERSION = YES;
				CLANG_WARN_CONSTANT_CONVERSION = YES;
				CLANG_WARN_DIRECT_OBJC_ISA_USAGE = YES_ERROR;
				CLANG_WARN_EMPTY_BODY = YES;
				CLANG_WARN_ENUM_CONVERSION = YES;
				CLANG_WARN_INT_CONVERSION = YES;
				CLANG_WARN_OBJC_ROOT_CLASS = YES_ERROR;
				CLANG_WARN_UNREACHABLE_CODE = YES;
				CLANG_WARN__DUPLICATE_METHOD_MATCH = YES;
				"CODE_SIGN_IDENTITY[sdk=iphoneos*]" = "iPhone Developer";
				COPY_PHASE_STRIP = YES;
				ENABLE_NS_ASSERTIONS = NO;
				ENABLE_STRICT_OBJC_MSGSEND = YES;
				GCC_C_LANGUAGE_STANDARD = gnu99;
				GCC_WARN_64_TO_32_BIT_CONVERSION = YES;
				GCC_WARN_ABOUT_RETURN_TYPE = YES_ERROR;
				GCC_WARN_UNDECLARED_SELECTOR = YES;
				GCC_WARN_UNINITIALIZED_AUTOS = YES_AGGRESSIVE;
				GCC_WARN_UNUSED_FUNCTION = YES;
				GCC_WARN_UNUSED_VARIABLE = YES;
				IPHONEOS_DEPLOYMENT_TARGET = 8.1;
				MTL_ENABLE_DEBUG_INFO = NO;
				SDKROOT = iphoneos;
				VALIDATE_PRODUCT = YES;
			};
			name = Release;
		};
		67F307401A83373A00F5C7F1 /* Debug */ = {
			isa = XCBuildConfiguration;
			baseConfigurationReference = F8BF1D637B36831A577D4D52 /* Pods.debug.xcconfig */;
			buildSettings = {
				ASSETCATALOG_COMPILER_APPICON_NAME = AppIcon;
				INFOPLIST_FILE = Twitter/Info.plist;
				LD_RUNPATH_SEARCH_PATHS = "$(inherited) @executable_path/Frameworks";
				PRODUCT_NAME = "$(TARGET_NAME)";
			};
			name = Debug;
		};
		67F307411A83373A00F5C7F1 /* Release */ = {
			isa = XCBuildConfiguration;
			baseConfigurationReference = 5A499F9E0973E6F7A6EF324D /* Pods.release.xcconfig */;
			buildSettings = {
				ASSETCATALOG_COMPILER_APPICON_NAME = AppIcon;
				INFOPLIST_FILE = Twitter/Info.plist;
				LD_RUNPATH_SEARCH_PATHS = "$(inherited) @executable_path/Frameworks";
				PRODUCT_NAME = "$(TARGET_NAME)";
			};
			name = Release;
		};
		67F307431A83373A00F5C7F1 /* Debug */ = {
			isa = XCBuildConfiguration;
			buildSettings = {
				BUNDLE_LOADER = "$(TEST_HOST)";
				FRAMEWORK_SEARCH_PATHS = (
					"$(SDKROOT)/Developer/Library/Frameworks",
					"$(inherited)",
				);
				GCC_PREPROCESSOR_DEFINITIONS = (
					"DEBUG=1",
					"$(inherited)",
				);
				INFOPLIST_FILE = TwitterTests/Info.plist;
				LD_RUNPATH_SEARCH_PATHS = "$(inherited) @executable_path/Frameworks @loader_path/Frameworks";
				PRODUCT_NAME = "$(TARGET_NAME)";
				TEST_HOST = "$(BUILT_PRODUCTS_DIR)/Twitter.app/Twitter";
			};
			name = Debug;
		};
		67F307441A83373A00F5C7F1 /* Release */ = {
			isa = XCBuildConfiguration;
			buildSettings = {
				BUNDLE_LOADER = "$(TEST_HOST)";
				FRAMEWORK_SEARCH_PATHS = (
					"$(SDKROOT)/Developer/Library/Frameworks",
					"$(inherited)",
				);
				INFOPLIST_FILE = TwitterTests/Info.plist;
				LD_RUNPATH_SEARCH_PATHS = "$(inherited) @executable_path/Frameworks @loader_path/Frameworks";
				PRODUCT_NAME = "$(TARGET_NAME)";
				TEST_HOST = "$(BUILT_PRODUCTS_DIR)/Twitter.app/Twitter";
			};
			name = Release;
		};
/* End XCBuildConfiguration section */

/* Begin XCConfigurationList section */
		67F307171A83373A00F5C7F1 /* Build configuration list for PBXProject "Twitter" */ = {
			isa = XCConfigurationList;
			buildConfigurations = (
				67F3073D1A83373A00F5C7F1 /* Debug */,
				67F3073E1A83373A00F5C7F1 /* Release */,
			);
			defaultConfigurationIsVisible = 0;
			defaultConfigurationName = Release;
		};
		67F3073F1A83373A00F5C7F1 /* Build configuration list for PBXNativeTarget "Twitter" */ = {
			isa = XCConfigurationList;
			buildConfigurations = (
				67F307401A83373A00F5C7F1 /* Debug */,
				67F307411A83373A00F5C7F1 /* Release */,
			);
			defaultConfigurationIsVisible = 0;
			defaultConfigurationName = Release;
		};
		67F307421A83373A00F5C7F1 /* Build configuration list for PBXNativeTarget "TwitterTests" */ = {
			isa = XCConfigurationList;
			buildConfigurations = (
				67F307431A83373A00F5C7F1 /* Debug */,
				67F307441A83373A00F5C7F1 /* Release */,
			);
			defaultConfigurationIsVisible = 0;
			defaultConfigurationName = Release;
		};
/* End XCConfigurationList section */
	};
	rootObject = 67F307141A83373A00F5C7F1 /* Project object */;
}
